{
  "name": "vapory-console",
  "version": "0.0.4",
  "lockfileVersion": 1,
  "requires": true,
  "dependencies": {
    "bignumber.js": {
      "version": "git+https://github.com/debris/bignumber.js.git#c7a38de919ed75e6fb6ba38051986e294b328df9"
    },
    "crypto-js": {
      "version": "3.1.8",
      "resolved": "https://registry.npmjs.org/crypto-js/-/crypto-js-3.1.8.tgz",
      "integrity": "sha1-cV8HC/YBTyrpkqmLOSkli3E/CNU="
    },
    "es6-shim": {
      "version": "0.35.4",
      "resolved": "https://registry.npmjs.org/es6-shim/-/es6-shim-0.35.4.tgz",
      "integrity": "sha512-oJidbXjN/VWXZJs41E9JEqWzcFbjt43JupimIoVX82Thzt5qy1CiYezdhRmWkj3KOuwJ106IG/ZZrcFC6fgIUQ=="
    },
    "utf8": {
      "version": "2.1.2",
      "resolved": "https://registry.npmjs.org/utf8/-/utf8-2.1.2.tgz",
      "integrity": "sha1-H6DZJw6b6FDZsFAn9jUZv0ZFfZY="
    },
    "web3": {
      "version": "0.15.3",
      "resolved": "https://registry.npmjs.org/web3/-/web3-0.15.3.tgz",
      "integrity": "sha1-+ZfM2kGfxSjA1sXY1TgiEr+nRig=",
      "requires": {
        "bignumber.js": "git+https://github.com/debris/bignumber.js.git#c7a38de919ed75e6fb6ba38051986e294b328df9",
        "crypto-js": "3.1.8",
        "utf8": "2.1.2",
        "xmlhttprequest": "1.8.0"
      }
    },
    "xmlhttprequest": {
      "version": "1.8.0",
      "resolved": "https://registry.npmjs.org/xmlhttprequest/-/xmlhttprequest-1.8.0.tgz",
      "integrity": "sha1-Z/4HXFwk/vOfnWX197f+dRcZaPw="
    }
  }
}
